
Microsoft Visual Studio Solution File, Format Version 12.00
# Visual Studio Version 17
VisualStudioVersion = 17.9.34728.123
MinimumVisualStudioVersion = 10.0.40219.1
Project("{9A19103F-16F7-4668-BE54-9A1E7A4F7556}") = "CSQLQueryExpress", "Lib\CSQLQueryExpress\CSQLQueryExpress.csproj", "{1971EBB2-0CB9-4C3D-97FE-C6DDAD96DE0E}"
EndProject
Project("{9A19103F-16F7-4668-BE54-9A1E7A4F7556}") = "CSQLQueryExpress.Tests", "Tests\CSQLQueryExpress.Tests\CSQLQueryExpress.Tests.csproj", "{F6B2A14F-FDDA-409E-8A83-1A9438D57518}"
EndProject
Project("{9A19103F-16F7-4668-BE54-9A1E7A4F7556}") = "ScaffoldingDatabaseTool", "Tools\ScaffoldingDatabaseTool\ScaffoldingDatabaseTool.csproj", "{84205096-BAFB-4F39-A1FC-A1B25F9AC9D7}"
EndProject
Project("{9A19103F-16F7-4668-BE54-9A1E7A4F7556}") = "QueryExecution.Dapper.CommandFactory", "QueryExecution.Dapper.CommandFactory\QueryExecution.Dapper.CommandFactory.csproj", "{1317A74E-095C-4E11-89EB-A8104794C6AF}"
EndProject
Project("{9A19103F-16F7-4668-BE54-9A1E7A4F7556}") = "QueryExecution.TestClient", "QueryExecution.TestClient\QueryExecution.TestClient.csproj", "{73D797D6-1D95-478B-8D10-526C3BFA32B6}"
EndProject
Project("{2150E333-8FDC-42A3-9474-1A3956D46DE8}") = "Tools", "Tools", "{D52A2BC0-D995-4877-8CCB-9C06810F3E7C}"
EndProject
Project("{2150E333-8FDC-42A3-9474-1A3956D46DE8}") = "Lib", "Lib", "{E78D21BE-187A-42B8-88CF-5393332E7689}"
EndProject
Project("{2150E333-8FDC-42A3-9474-1A3956D46DE8}") = "Tests", "Tests", "{E207420A-2B76-42D4-A17E-61D22D90A47E}"
EndProject
Project("{9A19103F-16F7-4668-BE54-9A1E7A4F7556}") = "QueryExecution.Dal", "QueryExecution.Dal\QueryExecution.Dal.csproj", "{AC0F8C84-4AC7-4294-9DE2-593D6625019D}"
EndProject
Project("{FAE04EC0-301F-11D3-BF4B-00C04F79EFBC}") = "CSQLQueryExpress.Scaffolding", "Lib\CSQLQueryExpress.Scaffolding\CSQLQueryExpress.Scaffolding.csproj", "{60C584BA-59C9-4098-8E03-E17A7AA80EB6}"
EndProject
Global
	GlobalSection(SolutionConfigurationPlatforms) = preSolution
		Debug|Any CPU = Debug|Any CPU
		Release|Any CPU = Release|Any CPU
	EndGlobalSection
	GlobalSection(ProjectConfigurationPlatforms) = postSolution
		{1971EBB2-0CB9-4C3D-97FE-C6DDAD96DE0E}.Debug|Any CPU.ActiveCfg = Debug|Any CPU
		{1971EBB2-0CB9-4C3D-97FE-C6DDAD96DE0E}.Debug|Any CPU.Build.0 = Debug|Any CPU
		{1971EBB2-0CB9-4C3D-97FE-C6DDAD96DE0E}.Release|Any CPU.ActiveCfg = Release|Any CPU
		{1971EBB2-0CB9-4C3D-97FE-C6DDAD96DE0E}.Release|Any CPU.Build.0 = Release|Any CPU
		{F6B2A14F-FDDA-409E-8A83-1A9438D57518}.Debug|Any CPU.ActiveCfg = Debug|Any CPU
		{F6B2A14F-FDDA-409E-8A83-1A9438D57518}.Debug|Any CPU.Build.0 = Debug|Any CPU
		{F6B2A14F-FDDA-409E-8A83-1A9438D57518}.Release|Any CPU.ActiveCfg = Release|Any CPU
		{F6B2A14F-FDDA-409E-8A83-1A9438D57518}.Release|Any CPU.Build.0 = Release|Any CPU
		{84205096-BAFB-4F39-A1FC-A1B25F9AC9D7}.Debug|Any CPU.ActiveCfg = Debug|Any CPU
		{84205096-BAFB-4F39-A1FC-A1B25F9AC9D7}.Debug|Any CPU.Build.0 = Debug|Any CPU
		{84205096-BAFB-4F39-A1FC-A1B25F9AC9D7}.Release|Any CPU.ActiveCfg = Release|Any CPU
		{84205096-BAFB-4F39-A1FC-A1B25F9AC9D7}.Release|Any CPU.Build.0 = Release|Any CPU
		{1317A74E-095C-4E11-89EB-A8104794C6AF}.Debug|Any CPU.ActiveCfg = Debug|Any CPU
		{1317A74E-095C-4E11-89EB-A8104794C6AF}.Debug|Any CPU.Build.0 = Debug|Any CPU
		{1317A74E-095C-4E11-89EB-A8104794C6AF}.Release|Any CPU.ActiveCfg = Release|Any CPU
		{1317A74E-095C-4E11-89EB-A8104794C6AF}.Release|Any CPU.Build.0 = Release|Any CPU
		{73D797D6-1D95-478B-8D10-526C3BFA32B6}.Debug|Any CPU.ActiveCfg = Debug|Any CPU
		{73D797D6-1D95-478B-8D10-526C3BFA32B6}.Debug|Any CPU.Build.0 = Debug|Any CPU
		{73D797D6-1D95-478B-8D10-526C3BFA32B6}.Release|Any CPU.ActiveCfg = Release|Any CPU
		{73D797D6-1D95-478B-8D10-526C3BFA32B6}.Release|Any CPU.Build.0 = Release|Any CPU
		{AC0F8C84-4AC7-4294-9DE2-593D6625019D}.Debug|Any CPU.ActiveCfg = Debug|Any CPU
		{AC0F8C84-4AC7-4294-9DE2-593D6625019D}.Debug|Any CPU.Build.0 = Debug|Any CPU
		{AC0F8C84-4AC7-4294-9DE2-593D6625019D}.Release|Any CPU.ActiveCfg = Release|Any CPU
		{AC0F8C84-4AC7-4294-9DE2-593D6625019D}.Release|Any CPU.Build.0 = Release|Any CPU
		{60C584BA-59C9-4098-8E03-E17A7AA80EB6}.Debug|Any CPU.ActiveCfg = Debug|Any CPU
		{60C584BA-59C9-4098-8E03-E17A7AA80EB6}.Debug|Any CPU.Build.0 = Debug|Any CPU
		{60C584BA-59C9-4098-8E03-E17A7AA80EB6}.Release|Any CPU.ActiveCfg = Release|Any CPU
		{60C584BA-59C9-4098-8E03-E17A7AA80EB6}.Release|Any CPU.Build.0 = Release|Any CPU
	EndGlobalSection
	GlobalSection(SolutionProperties) = preSolution
		HideSolutionNode = FALSE
	EndGlobalSection
	GlobalSection(NestedProjects) = preSolution
		{1971EBB2-0CB9-4C3D-97FE-C6DDAD96DE0E} = {E78D21BE-187A-42B8-88CF-5393332E7689}
		{F6B2A14F-FDDA-409E-8A83-1A9438D57518} = {E207420A-2B76-42D4-A17E-61D22D90A47E}
		{84205096-BAFB-4F39-A1FC-A1B25F9AC9D7} = {D52A2BC0-D995-4877-8CCB-9C06810F3E7C}
		{60C584BA-59C9-4098-8E03-E17A7AA80EB6} = {E78D21BE-187A-42B8-88CF-5393332E7689}
	EndGlobalSection
	GlobalSection(ExtensibilityGlobals) = postSolution
		SolutionGuid = {D6E2F3A1-9F8F-4F0A-9693-BA108177EE33}
	EndGlobalSection
EndGlobal
